
Microsoft Visual Studio Solution File, Format Version 12.00
# Visual Studio Version 16
VisualStudioVersion = 16.0.31410.357
MinimumVisualStudioVersion = 10.0.40219.1
Project("{9A19103F-16F7-4668-BE54-9A1E7A4F7556}") = "ProjetoPaises", "ProjetoPaises\ProjetoPaises.csproj", "{2879EEAC-461D-440F-B518-D29A87554E1D}"
EndProject
Project("{54435603-DBB4-11D2-8724-00A0C9A8B90C}") = "Setup1", "Setup1\Setup1.vdproj", "{7D38A815-FBBF-40C6-8F5B-43D9D2462724}"
EndProject
Global
	GlobalSection(SolutionConfigurationPlatforms) = preSolution
		Debug|Any CPU = Debug|Any CPU
		Release|Any CPU = Release|Any CPU
	EndGlobalSection
	GlobalSection(ProjectConfigurationPlatforms) = postSolution
		{2879EEAC-461D-440F-B518-D29A87554E1D}.Debug|Any CPU.ActiveCfg = Debug|Any CPU
		{2879EEAC-461D-440F-B518-D29A87554E1D}.Debug|Any CPU.Build.0 = Debug|Any CPU
		{2879EEAC-461D-440F-B518-D29A87554E1D}.Release|Any CPU.ActiveCfg = Release|Any CPU
		{2879EEAC-461D-440F-B518-D29A87554E1D}.Release|Any CPU.Build.0 = Release|Any CPU
		{7D38A815-FBBF-40C6-8F5B-43D9D2462724}.Debug|Any CPU.ActiveCfg = Debug
		{7D38A815-FBBF-40C6-8F5B-43D9D2462724}.Release|Any CPU.ActiveCfg = Release
	EndGlobalSection
	GlobalSection(SolutionProperties) = preSolution
		HideSolutionNode = FALSE
	EndGlobalSection
	GlobalSection(ExtensibilityGlobals) = postSolution
		SolutionGuid = {8F8EAC60-0067-4B6C-B3A0-A85EE36950C0}
	EndGlobalSection
EndGlobal
